{
  "version": 4,
  "terraform_version": "1.14.3",
  "serial": 13,
  "lineage": "b92967a1-91cd-c52e-bbc7-3c7fa1909b11",
  "outputs": {
    "droplet_name": {
      "value": [
        "app-droplet-0"
      ],
      "type": [
        "tuple",
        [
          "string"
        ]
      ]
    }
  },
  "resources": [
    {
      "mode": "managed",
      "type": "digitalocean_custom_image",
      "name": "nixos",
      "provider": "provider[\"registry.terraform.io/digitalocean/digitalocean\"]",
      "instances": [
        {
          "schema_version": 0,
          "attributes": {
            "created_at": "2026-01-29T09:21:15Z",
            "description": "",
            "distribution": "Unknown OS",
            "id": "215173498",
            "image_id": 215173498,
            "min_disk_size": 7,
            "name": "nixos-digitalocean",
            "public": false,
            "regions": [
              "sgp1"
            ],
            "size_gigabytes": 1.75,
            "slug": "",
            "status": "available",
            "tags": [],
            "timeouts": null,
            "type": "custom",
            "url": "https://github.com/hraban/nixos-images/releases/download/latest/nixos-digitalocean-x86_64-linux.qcow.gz"
          },
          "sensitive_attributes": [],
          "identity_schema_version": 0,
          "private": "eyJlMmJmYjczMC1lY2FhLTExZTYtOGY4OC0zNDM2M2JjN2M0YzAiOnsiY3JlYXRlIjozNjAwMDAwMDAwMDAwfX0="
        }
      ]
    },
    {
      "module": "module.droplet",
      "mode": "managed",
      "type": "digitalocean_reserved_ip",
      "name": "this",
      "provider": "provider[\"registry.terraform.io/digitalocean/digitalocean\"]",
      "instances": []
    },
    {
      "module": "module.droplet.module.labels",
      "mode": "managed",
      "type": "digitalocean_tag",
      "name": "environment",
      "provider": "provider[\"registry.terraform.io/digitalocean/digitalocean\"]",
      "instances": [
        {
          "index_key": 0,
          "schema_version": 0,
          "attributes": {
            "databases_count": 0,
            "droplets_count": 0,
            "id": "Environment:-",
            "images_count": 0,
            "name": "Environment:-",
            "total_resource_count": 0,
            "volume_snapshots_count": 0,
            "volumes_count": 0
          },
          "sensitive_attributes": [],
          "identity_schema_version": 0,
          "private": "bnVsbA=="
        }
      ]
    },
    {
      "module": "module.droplet.module.labels",
      "mode": "managed",
      "type": "digitalocean_tag",
      "name": "id",
      "provider": "provider[\"registry.terraform.io/digitalocean/digitalocean\"]",
      "instances": [
        {
          "index_key": 0,
          "schema_version": 0,
          "attributes": {
            "databases_count": 0,
            "droplets_count": 0,
            "id": "app",
            "images_count": 0,
            "name": "app",
            "total_resource_count": 0,
            "volume_snapshots_count": 0,
            "volumes_count": 0
          },
          "sensitive_attributes": [],
          "identity_schema_version": 0,
          "private": "bnVsbA=="
        }
      ]
    },
    {
      "module": "module.droplet.module.labels",
      "mode": "managed",
      "type": "digitalocean_tag",
      "name": "managedby",
      "provider": "provider[\"registry.terraform.io/digitalocean/digitalocean\"]",
      "instances": [
        {
          "index_key": 0,
          "schema_version": 0,
          "attributes": {
            "databases_count": 0,
            "droplets_count": 0,
            "id": "Managedby:-terraform-do-modules",
            "images_count": 0,
            "name": "Managedby:-terraform-do-modules",
            "total_resource_count": 0,
            "volume_snapshots_count": 0,
            "volumes_count": 0
          },
          "sensitive_attributes": [],
          "identity_schema_version": 0,
          "private": "bnVsbA=="
        }
      ]
    },
    {
      "module": "module.droplet.module.labels",
      "mode": "managed",
      "type": "digitalocean_tag",
      "name": "name",
      "provider": "provider[\"registry.terraform.io/digitalocean/digitalocean\"]",
      "instances": [
        {
          "index_key": 0,
          "schema_version": 0,
          "attributes": {
            "databases_count": 0,
            "droplets_count": 0,
            "id": "Name:-app",
            "images_count": 0,
            "name": "Name:-app",
            "total_resource_count": 0,
            "volume_snapshots_count": 0,
            "volumes_count": 0
          },
          "sensitive_attributes": [],
          "identity_schema_version": 0,
          "private": "bnVsbA=="
        }
      ]
    }
  ],
  "check_results": null
}
